<?xml version="1.0" encoding="utf-8"?>
<Project ToolsVersion="4.0" xmlns="http://schemas.microsoft.com/developer/msbuild/2003">
  <ItemGroup>
    <Filter Include="ソース ファイル">
      <UniqueIdentifier>{4FC737F1-C7A5-4376-A066-2A32D752A2FF}</UniqueIdentifier>
      <Extensions>cpp;c;cc;cxx;def;odl;idl;hpj;bat;asm;asmx</Extensions>
    </Filter>
    <Filter Include="ヘッダー ファイル">
      <UniqueIdentifier>{93995380-89BD-4b04-88EB-625FBE52EBFB}</UniqueIdentifier>
      <Extensions>h;hh;hpp;hxx;hm;inl;inc;ipp;xsd</Extensions>
    </Filter>
    <Filter Include="リソース ファイル">
      <UniqueIdentifier>{67DA6AB6-F800-4c08-8B7A-83BB121AAD01}</UniqueIdentifier>
      <Extensions>rc;ico;cur;bmp;dlg;rc2;rct;bin;rgs;gif;jpg;jpeg;jpe;resx;tiff;tif;png;wav;mfcribbon-ms</Extensions>
    </Filter>
    <Filter Include="ヘッダー ファイル\Action">
      <UniqueIdentifier>{3ba844b0-a146-40c1-8242-0e57ae0b1a92}</UniqueIdentifier>
    </Filter>
    <Filter Include="ソース ファイル\Action">
      <UniqueIdentifier>{97a4fb2c-adb5-4d51-b4f1-bfca8f947fb3}</UniqueIdentifier>
    </Filter>
  </ItemGroup>
  <ItemGroup>
    <ClInclude Include="Src\Character.h">
      <Filter>ヘッダー ファイル</Filter>
    </ClInclude>
    <ClInclude Include="Src\BehaviorTree.h">
      <Filter>ヘッダー ファイル</Filter>
    </ClInclude>
    <ClInclude Include="Src\NodeBase.h">
      <Filter>ヘッダー ファイル</Filter>
    </ClInclude>
    <ClInclude Include="Src\Enemy.h">
      <Filter>ヘッダー ファイル</Filter>
    </ClInclude>
    <ClInclude Include="Src\BehaviorData.h">
      <Filter>ヘッダー ファイル</Filter>
    </ClInclude>
    <ClInclude Include="Src\ActionBase.h">
      <Filter>ヘッダー ファイル\Action</Filter>
    </ClInclude>
    <ClInclude Include="Src\ExecJudgmentBase.h">
      <Filter>ヘッダー ファイル\Action</Filter>
    </ClInclude>
    <ClInclude Include="Src\AttackJudgment.h">
      <Filter>ヘッダー ファイル\Action</Filter>
    </ClInclude>
    <ClInclude Include="Src\DeffenceJudgment.h">
      <Filter>ヘッダー ファイル\Action</Filter>
    </ClInclude>
    <ClInclude Include="Src\MagicAttackJudgment.h">
      <Filter>ヘッダー ファイル\Action</Filter>
    </ClInclude>
    <ClInclude Include="Src\SkillAttackJudgment.h">
      <Filter>ヘッダー ファイル\Action</Filter>
    </ClInclude>
    <ClInclude Include="Src\DeffenceAction.h">
      <Filter>ヘッダー ファイル\Action</Filter>
    </ClInclude>
    <ClInclude Include="Src\MagicAction.h">
      <Filter>ヘッダー ファイル\Action</Filter>
    </ClInclude>
    <ClInclude Include="Src\SkillAction.h">
      <Filter>ヘッダー ファイル\Action</Filter>
    </ClInclude>
    <ClInclude Include="Src\PhysicsActin.h">
      <Filter>ヘッダー ファイル\Action</Filter>
    </ClInclude>
  </ItemGroup>
  <ItemGroup>
    <ClCompile Include="Src\Character.cpp">
      <Filter>ソース ファイル</Filter>
    </ClCompile>
    <ClCompile Include="Src\BehaviorTree.cpp">
      <Filter>ソース ファイル</Filter>
    </ClCompile>
    <ClCompile Include="Src\BehaviorData.cpp">
      <Filter>ソース ファイル</Filter>
    </ClCompile>
    <ClCompile Include="Src\NodeBase.cpp">
      <Filter>ソース ファイル</Filter>
    </ClCompile>
    <ClCompile Include="Src\Main.cpp">
      <Filter>ソース ファイル</Filter>
    </ClCompile>
    <ClCompile Include="Src\Enemy.cpp">
      <Filter>ソース ファイル</Filter>
    </ClCompile>
    <ClCompile Include="Src\AttackJudgment.cpp">
      <Filter>ソース ファイル\Action</Filter>
    </ClCompile>
    <ClCompile Include="Src\DeffenceJudgment.cpp">
      <Filter>ソース ファイル\Action</Filter>
    </ClCompile>
    <ClCompile Include="Src\MagicAttackJudgment.cpp">
      <Filter>ソース ファイル\Action</Filter>
    </ClCompile>
    <ClCompile Include="Src\SkillAttackJudgment.cpp">
      <Filter>ソース ファイル\Action</Filter>
    </ClCompile>
    <ClCompile Include="Src\DeffenceAction.cpp">
      <Filter>ソース ファイル\Action</Filter>
    </ClCompile>
    <ClCompile Include="Src\MagicAction.cpp">
      <Filter>ソース ファイル\Action</Filter>
    </ClCompile>
    <ClCompile Include="Src\SkillAction.cpp">
      <Filter>ソース ファイル\Action</Filter>
    </ClCompile>
    <ClCompile Include="Src\Physics.cpp">
      <Filter>ソース ファイル\Action</Filter>
    </ClCompile>
  </ItemGroup>
</Project>